
Microsoft Visual Studio Solution File, Format Version 12.00
# Visual Studio 15
VisualStudioVersion = 15.0.28307.168
MinimumVisualStudioVersion = 10.0.40219.1
Project("{FAE04EC0-301F-11D3-BF4B-00C04F79EFBC}") = "PlanIt", "PlanIt\PlanIt.csproj", "{E322292D-1963-4CAC-8D8B-0CE8882D0608}"
EndProject
Global
	GlobalSection(SolutionConfigurationPlatforms) = preSolution
		Debug|Any CPU = Debug|Any CPU
		Release|Any CPU = Release|Any CPU
	EndGlobalSection
	GlobalSection(ProjectConfigurationPlatforms) = postSolution
		{E322292D-1963-4CAC-8D8B-0CE8882D0608}.Debug|Any CPU.ActiveCfg = Debug|Any CPU
		{E322292D-1963-4CAC-8D8B-0CE8882D0608}.Debug|Any CPU.Build.0 = Debug|Any CPU
		{E322292D-1963-4CAC-8D8B-0CE8882D0608}.Release|Any CPU.ActiveCfg = Release|Any CPU
		{E322292D-1963-4CAC-8D8B-0CE8882D0608}.Release|Any CPU.Build.0 = Release|Any CPU
	EndGlobalSection
	GlobalSection(SolutionProperties) = preSolution
		HideSolutionNode = FALSE
	EndGlobalSection
	GlobalSection(ExtensibilityGlobals) = postSolution
		SolutionGuid = {59F190B1-4F1D-4036-AF5B-CCFFDFD34CD2}
	EndGlobalSection
EndGlobal
